// !$*UTF8*$!
{
	archiveVersion = 1;
	classes = {
	};
	objectVersion = 50;
	objects = {

/* Begin PBXBuildFile section */
		3B6A055022267D7400EEC3E7 /* AppDelegate.swift in Sources */ = {isa = PBXBuildFile; fileRef = 3B6A054F22267D7400EEC3E7 /* AppDelegate.swift */; };
		3B6A055222267D7400EEC3E7 /* ViewController.swift in Sources */ = {isa = PBXBuildFile; fileRef = 3B6A055122267D7400EEC3E7 /* ViewController.swift */; };
		3B6A055522267D7400EEC3E7 /* Main.storyboard in Resources */ = {isa = PBXBuildFile; fileRef = 3B6A055322267D7400EEC3E7 /* Main.storyboard */; };
		3B6A055722267D7500EEC3E7 /* Assets.xcassets in Resources */ = {isa = PBXBuildFile; fileRef = 3B6A055622267D7500EEC3E7 /* Assets.xcassets */; };
		3B6A055A22267D7500EEC3E7 /* LaunchScreen.storyboard in Resources */ = {isa = PBXBuildFile; fileRef = 3B6A055822267D7500EEC3E7 /* LaunchScreen.storyboard */; };
		3B6A056A22267E0600EEC3E7 /* Killer_queen_c34501.png in Resources */ = {isa = PBXBuildFile; fileRef = 3B6A056122267E0500EEC3E7 /* Killer_queen_c34501.png */; };
		3B6A056B22267E0600EEC3E7 /* iTunesArtwork@3x.png in Resources */ = {isa = PBXBuildFile; fileRef = 3B6A056222267E0500EEC3E7 /* iTunesArtwork@3x.png */; };
		3B6A056C22267E0600EEC3E7 /* Icon-App-60x60@2x.png in Resources */ = {isa = PBXBuildFile; fileRef = 3B6A056322267E0500EEC3E7 /* Icon-App-60x60@2x.png */; };
		3B6A056D22267E0600EEC3E7 /* tenor.gif in Resources */ = {isa = PBXBuildFile; fileRef = 3B6A056422267E0500EEC3E7 /* tenor.gif */; };
		3B6A056F22267E0600EEC3E7 /* Killer_queen_c345.png in Resources */ = {isa = PBXBuildFile; fileRef = 3B6A056622267E0600EEC3E7 /* Killer_queen_c345.png */; };
		3B6A057022267E0600EEC3E7 /* maxresdefault.jpg in Resources */ = {isa = PBXBuildFile; fileRef = 3B6A056722267E0600EEC3E7 /* maxresdefault.jpg */; };
		3B6A057122267E0600EEC3E7 /* Icon-App-60x60@3x.png in Resources */ = {isa = PBXBuildFile; fileRef = 3B6A056822267E0600EEC3E7 /* Icon-App-60x60@3x.png */; };
		3B6A057222267E0600EEC3E7 /* Icon-App-60x60@2x 2.png in Resources */ = {isa = PBXBuildFile; fileRef = 3B6A056922267E0600EEC3E7 /* Icon-App-60x60@2x 2.png */; };
		3B6A05752226809900EEC3E7 /* getImage.jpg in Resources */ = {isa = PBXBuildFile; fileRef = 3B6A05732226809900EEC3E7 /* getImage.jpg */; };
		3B6A05762226809900EEC3E7 /* f022ae54755dea751a8c85e0a71b03c4.jpg in Resources */ = {isa = PBXBuildFile; fileRef = 3B6A05742226809900EEC3E7 /* f022ae54755dea751a8c85e0a71b03c4.jpg */; };
		3B6A0578222685FD00EEC3E7 /* cc4.jpeg in Resources */ = {isa = PBXBuildFile; fileRef = 3B6A0577222685FD00EEC3E7 /* cc4.jpeg */; };
		9C773BE0222D5F49004808C7 /* swiftGif.swift in Sources */ = {isa = PBXBuildFile; fileRef = 9C773BDF222D5F49004808C7 /* swiftGif.swift */; };
		9C773BE6222D6B04004808C7 /* 123456.gif in Resources */ = {isa = PBXBuildFile; fileRef = 9C773BE5222D6B03004808C7 /* 123456.gif */; };
		9C773BE8222D6EF5004808C7 /* 53117873_441234013370685_8174420497799315456_n.jpg in Resources */ = {isa = PBXBuildFile; fileRef = 9C773BE7222D6EF5004808C7 /* 53117873_441234013370685_8174420497799315456_n.jpg */; };
/* End PBXBuildFile section */

/* Begin PBXFileReference section */
		3B6A054C22267D7400EEC3E7 /* ALLAHUAKBAR02.app */ = {isa = PBXFileReference; explicitFileType = wrapper.application; includeInIndex = 0; path = ALLAHUAKBAR02.app; sourceTree = BUILT_PRODUCTS_DIR; };
		3B6A054F22267D7400EEC3E7 /* AppDelegate.swift */ = {isa = PBXFileReference; lastKnownFileType = sourcecode.swift; path = AppDelegate.swift; sourceTree = "<group>"; };
		3B6A055122267D7400EEC3E7 /* ViewController.swift */ = {isa = PBXFileReference; lastKnownFileType = sourcecode.swift; path = ViewController.swift; sourceTree = "<group>"; };
		3B6A055422267D7400EEC3E7 /* Base */ = {isa = PBXFileReference; lastKnownFileType = file.storyboard; name = Base; path = Base.lproj/Main.storyboard; sourceTree = "<group>"; };
		3B6A055622267D7500EEC3E7 /* Assets.xcassets */ = {isa = PBXFileReference; lastKnownFileType = folder.assetcatalog; path = Assets.xcassets; sourceTree = "<group>"; };
		3B6A055922267D7500EEC3E7 /* Base */ = {isa = PBXFileReference; lastKnownFileType = file.storyboard; name = Base; path = Base.lproj/LaunchScreen.storyboard; sourceTree = "<group>"; };
		3B6A055B22267D7500EEC3E7 /* Info.plist */ = {isa = PBXFileReference; lastKnownFileType = text.plist.xml; path = Info.plist; sourceTree = "<group>"; };
		3B6A056122267E0500EEC3E7 /* Killer_queen_c34501.png */ = {isa = PBXFileReference; lastKnownFileType = image.png; name = Killer_queen_c34501.png; path = Assets.xcassets/Killer_queen_c34501.png; sourceTree = "<group>"; };
		3B6A056222267E0500EEC3E7 /* iTunesArtwork@3x.png */ = {isa = PBXFileReference; lastKnownFileType = image.png; name = "iTunesArtwork@3x.png"; path = "Assets.xcassets/iTunesArtwork@3x.png"; sourceTree = "<group>"; };
		3B6A056322267E0500EEC3E7 /* Icon-App-60x60@2x.png */ = {isa = PBXFileReference; lastKnownFileType = image.png; name = "Icon-App-60x60@2x.png"; path = "Assets.xcassets/Icon-App-60x60@2x.png"; sourceTree = "<group>"; };
		3B6A056422267E0500EEC3E7 /* tenor.gif */ = {isa = PBXFileReference; lastKnownFileType = image.gif; name = tenor.gif; path = Assets.xcassets/tenor.gif; sourceTree = "<group>"; };
		3B6A056622267E0600EEC3E7 /* Killer_queen_c345.png */ = {isa = PBXFileReference; lastKnownFileType = image.png; name = Killer_queen_c345.png; path = Assets.xcassets/Killer_queen_c345.png; sourceTree = "<group>"; };
		3B6A056722267E0600EEC3E7 /* maxresdefault.jpg */ = {isa = PBXFileReference; lastKnownFileType = image.jpeg; name = maxresdefault.jpg; path = Assets.xcassets/maxresdefault.jpg; sourceTree = "<group>"; };
		3B6A056822267E0600EEC3E7 /* Icon-App-60x60@3x.png */ = {isa = PBXFileReference; lastKnownFileType = image.png; name = "Icon-App-60x60@3x.png"; path = "Assets.xcassets/Icon-App-60x60@3x.png"; sourceTree = "<group>"; };
		3B6A056922267E0600EEC3E7 /* Icon-App-60x60@2x 2.png */ = {isa = PBXFileReference; lastKnownFileType = image.png; name = "Icon-App-60x60@2x 2.png"; path = "Assets.xcassets/Icon-App-60x60@2x 2.png"; sourceTree = "<group>"; };
		3B6A05732226809900EEC3E7 /* getImage.jpg */ = {isa = PBXFileReference; lastKnownFileType = image.jpeg; name = getImage.jpg; path = Assets.xcassets/getImage.jpg; sourceTree = "<group>"; };
		3B6A05742226809900EEC3E7 /* f022ae54755dea751a8c85e0a71b03c4.jpg */ = {isa = PBXFileReference; lastKnownFileType = image.jpeg; name = f022ae54755dea751a8c85e0a71b03c4.jpg; path = Assets.xcassets/f022ae54755dea751a8c85e0a71b03c4.jpg; sourceTree = "<group>"; };
		3B6A0577222685FD00EEC3E7 /* cc4.jpeg */ = {isa = PBXFileReference; lastKnownFileType = image.jpeg; name = cc4.jpeg; path = Assets.xcassets/cc4.jpeg; sourceTree = "<group>"; };
		9C773BDF222D5F49004808C7 /* swiftGif.swift */ = {isa = PBXFileReference; lastKnownFileType = sourcecode.swift; path = swiftGif.swift; sourceTree = "<group>"; };
		9C773BE5222D6B03004808C7 /* 123456.gif */ = {isa = PBXFileReference; lastKnownFileType = image.gif; name = 123456.gif; path = ../../123456.gif; sourceTree = "<group>"; };
		9C773BE7222D6EF5004808C7 /* 53117873_441234013370685_8174420497799315456_n.jpg */ = {isa = PBXFileReference; lastKnownFileType = image.jpeg; name = 53117873_441234013370685_8174420497799315456_n.jpg; path = Assets.xcassets/53117873_441234013370685_8174420497799315456_n.jpg; sourceTree = "<group>"; };
/* End PBXFileReference section */

/* Begin PBXFrameworksBuildPhase section */
		3B6A054922267D7400EEC3E7 /* Frameworks */ = {
			isa = PBXFrameworksBuildPhase;
			buildActionMask = 2147483647;
			files = (
			);
			runOnlyForDeploymentPostprocessing = 0;
		};
/* End PBXFrameworksBuildPhase section */

/* Begin PBXGroup section */
		3B6A054322267D7400EEC3E7 = {
			isa = PBXGroup;
			children = (
				3B6A054E22267D7400EEC3E7 /* ALLAHUAKBAR02 */,
				3B6A054D22267D7400EEC3E7 /* Products */,
			);
			sourceTree = "<group>";
		};
		3B6A054D22267D7400EEC3E7 /* Products */ = {
			isa = PBXGroup;
			children = (
				3B6A054C22267D7400EEC3E7 /* ALLAHUAKBAR02.app */,
			);
			name = Products;
			sourceTree = "<group>";
		};
		3B6A054E22267D7400EEC3E7 /* ALLAHUAKBAR02 */ = {
			isa = PBXGroup;
			children = (
				9C773BE7222D6EF5004808C7 /* 53117873_441234013370685_8174420497799315456_n.jpg */,
				9C773BE5222D6B03004808C7 /* 123456.gif */,
				3B6A0577222685FD00EEC3E7 /* cc4.jpeg */,
				3B6A05742226809900EEC3E7 /* f022ae54755dea751a8c85e0a71b03c4.jpg */,
				3B6A05732226809900EEC3E7 /* getImage.jpg */,
				3B6A054F22267D7400EEC3E7 /* AppDelegate.swift */,
				3B6A055122267D7400EEC3E7 /* ViewController.swift */,
				9C773BDF222D5F49004808C7 /* swiftGif.swift */,
				3B6A055322267D7400EEC3E7 /* Main.storyboard */,
				3B6A055622267D7500EEC3E7 /* Assets.xcassets */,
				3B6A056922267E0600EEC3E7 /* Icon-App-60x60@2x 2.png */,
				3B6A056322267E0500EEC3E7 /* Icon-App-60x60@2x.png */,
				3B6A056822267E0600EEC3E7 /* Icon-App-60x60@3x.png */,
				3B6A056222267E0500EEC3E7 /* iTunesArtwork@3x.png */,
				3B6A056622267E0600EEC3E7 /* Killer_queen_c345.png */,
				3B6A056122267E0500EEC3E7 /* Killer_queen_c34501.png */,
				3B6A056722267E0600EEC3E7 /* maxresdefault.jpg */,
				3B6A056422267E0500EEC3E7 /* tenor.gif */,
				3B6A055822267D7500EEC3E7 /* LaunchScreen.storyboard */,
				3B6A055B22267D7500EEC3E7 /* Info.plist */,
			);
			path = ALLAHUAKBAR02;
			sourceTree = "<group>";
		};
/* End PBXGroup section */

/* Begin PBXNativeTarget section */
		3B6A054B22267D7400EEC3E7 /* ALLAHUAKBAR02 */ = {
			isa = PBXNativeTarget;
			buildConfigurationList = 3B6A055E22267D7500EEC3E7 /* Build configuration list for PBXNativeTarget "ALLAHUAKBAR02" */;
			buildPhases = (
				3B6A054822267D7400EEC3E7 /* Sources */,
				3B6A054922267D7400EEC3E7 /* Frameworks */,
				3B6A054A22267D7400EEC3E7 /* Resources */,
			);
			buildRules = (
			);
			dependencies = (
			);
			name = ALLAHUAKBAR02;
			productName = ALLAHUAKBAR02;
			productReference = 3B6A054C22267D7400EEC3E7 /* ALLAHUAKBAR02.app */;
			productType = "com.apple.product-type.application";
		};
/* End PBXNativeTarget section */

/* Begin PBXProject section */
		3B6A054422267D7400EEC3E7 /* Project object */ = {
			isa = PBXProject;
			attributes = {
				LastSwiftUpdateCheck = 1010;
				LastUpgradeCheck = 1010;
				ORGANIZATIONNAME = 20;
				TargetAttributes = {
					3B6A054B22267D7400EEC3E7 = {
						CreatedOnToolsVersion = 10.1;
					};
				};
			};
			buildConfigurationList = 3B6A054722267D7400EEC3E7 /* Build configuration list for PBXProject "ALLAHUAKBAR02" */;
			compatibilityVersion = "Xcode 9.3";
			developmentRegion = en;
			hasScannedForEncodings = 0;
			knownRegions = (
				en,
				Base,
			);
			mainGroup = 3B6A054322267D7400EEC3E7;
			productRefGroup = 3B6A054D22267D7400EEC3E7 /* Products */;
			projectDirPath = "";
			projectRoot = "";
			targets = (
				3B6A054B22267D7400EEC3E7 /* ALLAHUAKBAR02 */,
			);
		};
/* End PBXProject section */

/* Begin PBXResourcesBuildPhase section */
		3B6A054A22267D7400EEC3E7 /* Resources */ = {
			isa = PBXResourcesBuildPhase;
			buildActionMask = 2147483647;
			files = (
				3B6A056C22267E0600EEC3E7 /* Icon-App-60x60@2x.png in Resources */,
				3B6A055A22267D7500EEC3E7 /* LaunchScreen.storyboard in Resources */,
				3B6A056B22267E0600EEC3E7 /* iTunesArtwork@3x.png in Resources */,
				9C773BE6222D6B04004808C7 /* 123456.gif in Resources */,
				3B6A056A22267E0600EEC3E7 /* Killer_queen_c34501.png in Resources */,
				3B6A05752226809900EEC3E7 /* getImage.jpg in Resources */,
				3B6A0578222685FD00EEC3E7 /* cc4.jpeg in Resources */,
				3B6A055722267D7500EEC3E7 /* Assets.xcassets in Resources */,
				9C773BE8222D6EF5004808C7 /* 53117873_441234013370685_8174420497799315456_n.jpg in Resources */,
				3B6A057122267E0600EEC3E7 /* Icon-App-60x60@3x.png in Resources */,
				3B6A055522267D7400EEC3E7 /* Main.storyboard in Resources */,
				3B6A05762226809900EEC3E7 /* f022ae54755dea751a8c85e0a71b03c4.jpg in Resources */,
				3B6A057022267E0600EEC3E7 /* maxresdefault.jpg in Resources */,
				3B6A056F22267E0600EEC3E7 /* Killer_queen_c345.png in Resources */,
				3B6A057222267E0600EEC3E7 /* Icon-App-60x60@2x 2.png in Resources */,
				3B6A056D22267E0600EEC3E7 /* tenor.gif in Resources */,
			);
			runOnlyForDeploymentPostprocessing = 0;
		};
/* End PBXResourcesBuildPhase section */

/* Begin PBXSourcesBuildPhase section */
		3B6A054822267D7400EEC3E7 /* Sources */ = {
			isa = PBXSourcesBuildPhase;
			buildActionMask = 2147483647;
			files = (
				3B6A055222267D7400EEC3E7 /* ViewController.swift in Sources */,
				3B6A055022267D7400EEC3E7 /* AppDelegate.swift in Sources */,
				9C773BE0222D5F49004808C7 /* swiftGif.swift in Sources */,
			);
			runOnlyForDeploymentPostprocessing = 0;
		};
/* End PBXSourcesBuildPhase section */

/* Begin PBXVariantGroup section */
		3B6A055322267D7400EEC3E7 /* Main.storyboard */ = {
			isa = PBXVariantGroup;
			children = (
				3B6A055422267D7400EEC3E7 /* Base */,
			);
			name = Main.storyboard;
			sourceTree = "<group>";
		};
		3B6A055822267D7500EEC3E7 /* LaunchScreen.storyboard */ = {
			isa = PBXVariantGroup;
			children = (
				3B6A055922267D7500EEC3E7 /* Base */,
			);
			name = LaunchScreen.storyboard;
			sourceTree = "<group>";
		};
/* End PBXVariantGroup section */

/* Begin XCBuildConfiguration section */
		3B6A055C22267D7500EEC3E7 /* Debug */ = {
			isa = XCBuildConfiguration;
			buildSettings = {
				ALWAYS_SEARCH_USER_PATHS = NO;
				CLANG_ANALYZER_NONNULL = YES;
				CLANG_ANALYZER_NUMBER_OBJECT_CONVERSION = YES_AGGRESSIVE;
				CLANG_CXX_LANGUAGE_STANDARD = "gnu++14";
				CLANG_CXX_LIBRARY = "libc++";
				CLANG_ENABLE_MODULES = YES;
				CLANG_ENABLE_OBJC_ARC = YES;
				CLANG_ENABLE_OBJC_WEAK = YES;
				CLANG_WARN_BLOCK_CAPTURE_AUTORELEASING = YES;
				CLANG_WARN_BOOL_CONVERSION = YES;
				CLANG_WARN_COMMA = YES;
				CLANG_WARN_CONSTANT_CONVERSION = YES;
				CLANG_WARN_DEPRECATED_OBJC_IMPLEMENTATIONS = YES;
				CLANG_WARN_DIRECT_OBJC_ISA_USAGE = YES_ERROR;
				CLANG_WARN_DOCUMENTATION_COMMENTS = YES;
				CLANG_WARN_EMPTY_BODY = YES;
				CLANG_WARN_ENUM_CONVERSION = YES;
				CLANG_WARN_INFINITE_RECURSION = YES;
				CLANG_WARN_INT_CONVERSION = YES;
				CLANG_WARN_NON_LITERAL_NULL_CONVERSION = YES;
				CLANG_WARN_OBJC_IMPLICIT_RETAIN_SELF = YES;
				CLANG_WARN_OBJC_LITERAL_CONVERSION = YES;
				CLANG_WARN_OBJC_ROOT_CLASS = YES_ERROR;
				CLANG_WARN_RANGE_LOOP_ANALYSIS = YES;
				CLANG_WARN_STRICT_PROTOTYPES = YES;
				CLANG_WARN_SUSPICIOUS_MOVE = YES;
				CLANG_WARN_UNGUARDED_AVAILABILITY = YES_AGGRESSIVE;
				CLANG_WARN_UNREACHABLE_CODE = YES;
				CLANG_WARN__DUPLICATE_METHOD_MATCH = YES;
				CODE_SIGN_IDENTITY = "iPhone Developer";
				COPY_PHASE_STRIP = NO;
				DEBUG_INFORMATION_FORMAT = dwarf;
				ENABLE_STRICT_OBJC_MSGSEND = YES;
				ENABLE_TESTABILITY = YES;
				GCC_C_LANGUAGE_STANDARD = gnu11;
				GCC_DYNAMIC_NO_PIC = NO;
				GCC_NO_COMMON_BLOCKS = YES;
				GCC_OPTIMIZATION_LEVEL = 0;
				GCC_PREPROCESSOR_DEFINITIONS = (
					"DEBUG=1",
					"$(inherited)",
				);
				GCC_WARN_64_TO_32_BIT_CONVERSION = YES;
				GCC_WARN_ABOUT_RETURN_TYPE = YES_ERROR;
				GCC_WARN_UNDECLARED_SELECTOR = YES;
				GCC_WARN_UNINITIALIZED_AUTOS = YES_AGGRESSIVE;
				GCC_WARN_UNUSED_FUNCTION = YES;
				GCC_WARN_UNUSED_VARIABLE = YES;
				IPHONEOS_DEPLOYMENT_TARGET = 12.1;
				MTL_ENABLE_DEBUG_INFO = INCLUDE_SOURCE;
				MTL_FAST_MATH = YES;
				ONLY_ACTIVE_ARCH = YES;
				SDKROOT = iphoneos;
				SWIFT_ACTIVE_COMPILATION_CONDITIONS = DEBUG;
				SWIFT_OPTIMIZATION_LEVEL = "-Onone";
			};
			name = Debug;
		};
		3B6A055D22267D7500EEC3E7 /* Release */ = {
			isa = XCBuildConfiguration;
			buildSettings = {
				ALWAYS_SEARCH_USER_PATHS = NO;
				CLANG_ANALYZER_NONNULL = YES;
				CLANG_ANALYZER_NUMBER_OBJECT_CONVERSION = YES_AGGRESSIVE;
				CLANG_CXX_LANGUAGE_STANDARD = "gnu++14";
				CLANG_CXX_LIBRARY = "libc++";
				CLANG_ENABLE_MODULES = YES;
				CLANG_ENABLE_OBJC_ARC = YES;
				CLANG_ENABLE_OBJC_WEAK = YES;
				CLANG_WARN_BLOCK_CAPTURE_AUTORELEASING = YES;
				CLANG_WARN_BOOL_CONVERSION = YES;
				CLANG_WARN_COMMA = YES;
				CLANG_WARN_CONSTANT_CONVERSION = YES;
				CLANG_WARN_DEPRECATED_OBJC_IMPLEMENTATIONS = YES;
				CLANG_WARN_DIRECT_OBJC_ISA_USAGE = YES_ERROR;
				CLANG_WARN_DOCUMENTATION_COMMENTS = YES;
				CLANG_WARN_EMPTY_BODY = YES;
				CLANG_WARN_ENUM_CONVERSION = YES;
				CLANG_WARN_INFINITE_RECURSION = YES;
				CLANG_WARN_INT_CONVERSION = YES;
				CLANG_WARN_NON_LITERAL_NULL_CONVERSION = YES;
				CLANG_WARN_OBJC_IMPLICIT_RETAIN_SELF = YES;
				CLANG_WARN_OBJC_LITERAL_CONVERSION = YES;
				CLANG_WARN_OBJC_ROOT_CLASS = YES_ERROR;
				CLANG_WARN_RANGE_LOOP_ANALYSIS = YES;
				CLANG_WARN_STRICT_PROTOTYPES = YES;
				CLANG_WARN_SUSPICIOUS_MOVE = YES;
				CLANG_WARN_UNGUARDED_AVAILABILITY = YES_AGGRESSIVE;
				CLANG_WARN_UNREACHABLE_CODE = YES;
				CLANG_WARN__DUPLICATE_METHOD_MATCH = YES;
				CODE_SIGN_IDENTITY = "iPhone Developer";
				COPY_PHASE_STRIP = NO;
				DEBUG_INFORMATION_FORMAT = "dwarf-with-dsym";
				ENABLE_NS_ASSERTIONS = NO;
				ENABLE_STRICT_OBJC_MSGSEND = YES;
				GCC_C_LANGUAGE_STANDARD = gnu11;
				GCC_NO_COMMON_BLOCKS = YES;
				GCC_WARN_64_TO_32_BIT_CONVERSION = YES;
				GCC_WARN_ABOUT_RETURN_TYPE = YES_ERROR;
				GCC_WARN_UNDECLARED_SELECTOR = YES;
				GCC_WARN_UNINITIALIZED_AUTOS = YES_AGGRESSIVE;
				GCC_WARN_UNUSED_FUNCTION = YES;
				GCC_WARN_UNUSED_VARIABLE = YES;
				IPHONEOS_DEPLOYMENT_TARGET = 12.1;
				MTL_ENABLE_DEBUG_INFO = NO;
				MTL_FAST_MATH = YES;
				SDKROOT = iphoneos;
				SWIFT_COMPILATION_MODE = wholemodule;
				SWIFT_OPTIMIZATION_LEVEL = "-O";
				VALIDATE_PRODUCT = YES;
			};
			name = Release;
		};
		3B6A055F22267D7500EEC3E7 /* Debug */ = {
			isa = XCBuildConfiguration;
			buildSettings = {
				ASSETCATALOG_COMPILER_APPICON_NAME = AppIcon;
				CODE_SIGN_STYLE = Automatic;
				INFOPLIST_FILE = ALLAHUAKBAR02/Info.plist;
				LD_RUNPATH_SEARCH_PATHS = (
					"$(inherited)",
					"@executable_path/Frameworks",
				);
				PRODUCT_BUNDLE_IDENTIFIER = "-0.ALLAHUAKBAR02";
				PRODUCT_NAME = "$(TARGET_NAME)";
				SWIFT_VERSION = 4.2;
				TARGETED_DEVICE_FAMILY = "1,2";
			};
			name = Debug;
		};
		3B6A056022267D7500EEC3E7 /* Release */ = {
			isa = XCBuildConfiguration;
			buildSettings = {
				ASSETCATALOG_COMPILER_APPICON_NAME = AppIcon;
				CODE_SIGN_STYLE = Automatic;
				INFOPLIST_FILE = ALLAHUAKBAR02/Info.plist;
				LD_RUNPATH_SEARCH_PATHS = (
					"$(inherited)",
					"@executable_path/Frameworks",
				);
				PRODUCT_BUNDLE_IDENTIFIER = "-0.ALLAHUAKBAR02";
				PRODUCT_NAME = "$(TARGET_NAME)";
				SWIFT_VERSION = 4.2;
				TARGETED_DEVICE_FAMILY = "1,2";
			};
			name = Release;
		};
/* End XCBuildConfiguration section */

/* Begin XCConfigurationList section */
		3B6A054722267D7400EEC3E7 /* Build configuration list for PBXProject "ALLAHUAKBAR02" */ = {
			isa = XCConfigurationList;
			buildConfigurations = (
				3B6A055C22267D7500EEC3E7 /* Debug */,
				3B6A055D22267D7500EEC3E7 /* Release */,
			);
			defaultConfigurationIsVisible = 0;
			defaultConfigurationName = Release;
		};
		3B6A055E22267D7500EEC3E7 /* Build configuration list for PBXNativeTarget "ALLAHUAKBAR02" */ = {
			isa = XCConfigurationList;
			buildConfigurations = (
				3B6A055F22267D7500EEC3E7 /* Debug */,
				3B6A056022267D7500EEC3E7 /* Release */,
			);
			defaultConfigurationIsVisible = 0;
			defaultConfigurationName = Release;
		};
/* End XCConfigurationList section */
	};
	rootObject = 3B6A054422267D7400EEC3E7 /* Project object */;
}
